
Microsoft Visual Studio Solution File, Format Version 12.00
# Visual Studio Version 17
VisualStudioVersion = 17.1.32421.90
MinimumVisualStudioVersion = 10.0.40219.1
Project("{FAE04EC0-301F-11D3-BF4B-00C04F79EFBC}") = "TicketSystem2", "TicketSystem2\TicketSystem2.csproj", "{B3082924-770C-4AD4-B56F-56E66D15166C}"
EndProject
Global
	GlobalSection(SolutionConfigurationPlatforms) = preSolution
		Debug|Any CPU = Debug|Any CPU
		Release|Any CPU = Release|Any CPU
	EndGlobalSection
	GlobalSection(ProjectConfigurationPlatforms) = postSolution
		{B3082924-770C-4AD4-B56F-56E66D15166C}.Debug|Any CPU.ActiveCfg = Debug|Any CPU
		{B3082924-770C-4AD4-B56F-56E66D15166C}.Debug|Any CPU.Build.0 = Debug|Any CPU
		{B3082924-770C-4AD4-B56F-56E66D15166C}.Release|Any CPU.ActiveCfg = Release|Any CPU
		{B3082924-770C-4AD4-B56F-56E66D15166C}.Release|Any CPU.Build.0 = Release|Any CPU
	EndGlobalSection
	GlobalSection(SolutionProperties) = preSolution
		HideSolutionNode = FALSE
	EndGlobalSection
	GlobalSection(ExtensibilityGlobals) = postSolution
		SolutionGuid = {4861C254-B2CF-4C30-BFA3-40AF807B7085}
	EndGlobalSection
EndGlobal
